PODS:
  - Alamofire (3.4.2)
  - AlamofireObjectMapper (3.0.2):
    - Alamofire (~> 3.2)
    - ObjectMapper (~> 1.0)
  - Nimble (4.1.0)
  - ObjectMapper (1.4.0)
  - Quick (0.9.3)
  - SwiftyJSON (2.3.2)

DEPENDENCIES:
  - Alamofire
  - AlamofireObjectMapper
  - Nimble
  - ObjectMapper
  - Quick
  - SwiftyJSON

SPEC CHECKSUMS:
  Alamofire: 6aa33201d20d069e1598891cf928883ff1888c7a
  AlamofireObjectMapper: 70f97cbf45c01c48d26aa07a1a7059a60ed7411d
  Nimble: 97a0a4cae5124c117115634b2d055d8c97d0af19
  ObjectMapper: a07ad0462c5adf014adc0f89ef04c29b626e855e
  Quick: 13a2a2b19a5d8e3ed4fd0c36ee46597fd77ebf71
  SwiftyJSON: 04ccea08915aa0109039157c7974cf0298da292a

PODFILE CHECKSUM: 27c21b5b25a702087d93ff54f35682ef6cd7ab4d

COCOAPODS: 1.0.1
